// !$*UTF8*$!
{
	archiveVersion = 1;
	classes = {
	};
	objectVersion = 46;
	objects = {
/* Begin PBXBuildFile section */
		0207DA581B56EA530066E2B4 /* Images.xcassets in Resources */ = {isa = PBXBuildFile; fileRef = 0207DA571B56EA530066E2B4 /* Images.xcassets */; };
		1D3623260D0F684500981E51 /* AppDelegate.m in Sources */ = {isa = PBXBuildFile; fileRef = 1D3623250D0F684500981E51 /* AppDelegate.m */; };
		1D60589B0D05DD56006BFB54 /* main.m in Sources */ = {isa = PBXBuildFile; fileRef = 29B97316FDCFA39411CA2CEA /* main.m */; };
		301BF552109A68D80062928A /* libCordova.a in Frameworks */ = {isa = PBXBuildFile; fileRef = 301BF535109A57CC0062928A /* libCordova.a */; };
		302D95F114D2391D003F00A1 /* MainViewController.m in Sources */ = {isa = PBXBuildFile; fileRef = 302D95EF14D2391D003F00A1 /* MainViewController.m */; };
		302D95F214D2391D003F00A1 /* MainViewController.xib in Resources */ = {isa = PBXBuildFile; fileRef = 302D95F014D2391D003F00A1 /* MainViewController.xib */; };
		3047A5121AB8059700498E2A /* build-debug.xcconfig in Resources */ = {isa = PBXBuildFile; fileRef = 3047A50F1AB8059700498E2A /* build-debug.xcconfig */; };
		3047A5131AB8059700498E2A /* build-release.xcconfig in Resources */ = {isa = PBXBuildFile; fileRef = 3047A5101AB8059700498E2A /* build-release.xcconfig */; };
		3047A5141AB8059700498E2A /* build.xcconfig in Resources */ = {isa = PBXBuildFile; fileRef = 3047A5111AB8059700498E2A /* build.xcconfig */; };
		6AFF5BF91D6E424B00AB3073 /* CDVLaunchScreen.storyboard in Resources */ = {isa = PBXBuildFile; fileRef = 6AFF5BF81D6E424B00AB3073 /* CDVLaunchScreen.storyboard */; };
		CC3D83BB62304BB7B0B32996 /* CDVDevice.m in Sources */ = {isa = PBXBuildFile; fileRef = 36C4039482894A55B3934936 /* CDVDevice.m */; };
		DDD30E9594B543248A482572 /* CDVIonicKeyboard.m in Sources */ = {isa = PBXBuildFile; fileRef = 08AB55BF88374AC7A88DEC6E /* CDVIonicKeyboard.m */; };
		FE6A82142C6E4892A6218B86 /* CDVWKWebViewEngine.m in Sources */ = {isa = PBXBuildFile; fileRef = 7553FD884A6B4258AD33022E /* CDVWKWebViewEngine.m */; };
		27CBA3D601534A0DA99E9688 /* CDVWKWebViewUIDelegate.m in Sources */ = {isa = PBXBuildFile; fileRef = AAF4E3D3E3214A6CA7816761 /* CDVWKWebViewUIDelegate.m */; };
		610AC57BE66C4175916A142F /* CDVWKProcessPoolFactory.m in Sources */ = {isa = PBXBuildFile; fileRef = ECEDE48D06BF4C4AACE1C761 /* CDVWKProcessPoolFactory.m */; };
		84BE264155FA439D9D11396C /* GCDWebServer.m in Sources */ = {isa = PBXBuildFile; fileRef = 27827D0D5D2A4F6FAB85CAAE /* GCDWebServer.m */; };
		7B423F78EF7E4D84BC0099E3 /* GCDWebServerConnection.m in Sources */ = {isa = PBXBuildFile; fileRef = DEED71A265BB464289A74421 /* GCDWebServerConnection.m */; };
		3F6940AA52184B629C2B2C1F /* GCDWebServerFunctions.m in Sources */ = {isa = PBXBuildFile; fileRef = CECB291F11A24257AC1EF9EB /* GCDWebServerFunctions.m */; };
		060B659D6B5245D8AEB86575 /* GCDWebServerRequest.m in Sources */ = {isa = PBXBuildFile; fileRef = 763AA984AACB4770BB248560 /* GCDWebServerRequest.m */; };
		E18585CA6B3645E5BD41463D /* GCDWebServerResponse.m in Sources */ = {isa = PBXBuildFile; fileRef = 80E2845A433B4918A7BEEF18 /* GCDWebServerResponse.m */; };
		0C9A5635DC584D3FBD729997 /* GCDWebServerDataRequest.m in Sources */ = {isa = PBXBuildFile; fileRef = 0F82A6D88A204D538EA46120 /* GCDWebServerDataRequest.m */; };
		8968D761516F44C482528EF2 /* GCDWebServerFileRequest.m in Sources */ = {isa = PBXBuildFile; fileRef = 659BB4CDC05E4B5291E50F60 /* GCDWebServerFileRequest.m */; };
		2D5B8CFCA8C04C9ABF672A60 /* GCDWebServerMultiPartFormRequest.m in Sources */ = {isa = PBXBuildFile; fileRef = FC6492659C5A4ED9A4BB0C70 /* GCDWebServerMultiPartFormRequest.m */; };
		8F26669D8E3E437196B04C17 /* GCDWebServerURLEncodedFormRequest.m in Sources */ = {isa = PBXBuildFile; fileRef = 943F65B26738433598396C39 /* GCDWebServerURLEncodedFormRequest.m */; };
		05B7A61601194D1BA4A4DB22 /* GCDWebServerDataResponse.m in Sources */ = {isa = PBXBuildFile; fileRef = F664BE8C5A934BCABB6F44FE /* GCDWebServerDataResponse.m */; };
		3AD1E6A173AE40C885374D83 /* GCDWebServerErrorResponse.m in Sources */ = {isa = PBXBuildFile; fileRef = 4C1642D6A8304E0BA0FFDC31 /* GCDWebServerErrorResponse.m */; };
		675B6DF78E4349A691D266A1 /* GCDWebServerFileResponse.m in Sources */ = {isa = PBXBuildFile; fileRef = 34F4A63FA24B48CE8C81D65E /* GCDWebServerFileResponse.m */; };
		9D1F27555C0340288E69FD2D /* GCDWebServerStreamedResponse.m in Sources */ = {isa = PBXBuildFile; fileRef = F8E8513C55D14F638AE2234B /* GCDWebServerStreamedResponse.m */; };
		4CD37DB8072E4B78B3247F1C /* WebKit.framework in Frameworks */ = {isa = PBXBuildFile; fileRef = DE976C98725D451195BCF9A9 /* WebKit.framework */; settings = {ATTRIBUTES = (Weak, ); }; };
		B5AD9FD448CA4783A5248392 /* libz.tbd in Frameworks */ = {isa = PBXBuildFile; fileRef = 7D4B73BE1B74415E9E4DEFE4 /* libz.tbd */; };
		4D45AEC59402411A9F49FAC6 /* CDVSplashScreen.m in Sources */ = {isa = PBXBuildFile; fileRef = 564FC1F7BFE24AE4A8AAFAAB /* CDVSplashScreen.m */; };
		442DFBD0E62744B8B72738A1 /* CDVViewController+SplashScreen.m in Sources */ = {isa = PBXBuildFile; fileRef = 6D3CB9723DDA4B82B69F8D4E /* CDVViewController+SplashScreen.m */; };
		3CDF370348974993B91BDDA3 /* CDVStatusBar.m in Sources */ = {isa = PBXBuildFile; fileRef = 8F8AEC4EED5841CE99B1907B /* CDVStatusBar.m */; };
		FC3AFB7F6C8849F4ADDE2796 /* PluginObjects.m in Sources */ = {isa = PBXBuildFile; fileRef = F7FB1E819EF24085BAB8DC40 /* PluginObjects.m */; };
		E0E279C9A9494EDBAA981B5B /* PluginCircle.m in Sources */ = {isa = PBXBuildFile; fileRef = EF869EEF361145288C1EAF73 /* PluginCircle.m */; };
		1A4E95B6FE6D4303A9850620 /* PluginGeocoder.m in Sources */ = {isa = PBXBuildFile; fileRef = 7E29A7968FAC4F558273EAE1 /* PluginGeocoder.m */; };
		6E687274A1F3438990B123AE /* PluginLocationService.m in Sources */ = {isa = PBXBuildFile; fileRef = D46D92F8CFAD4584B3F6DAC5 /* PluginLocationService.m */; };
		B6D476E8AAA7499EA716F771 /* PluginEnvironment.m in Sources */ = {isa = PBXBuildFile; fileRef = F834410427214DDA9F1C0912 /* PluginEnvironment.m */; };
		586BE46EE60F464CA245092C /* CordovaGoogleMaps.m in Sources */ = {isa = PBXBuildFile; fileRef = 7B3F821C6B38410B8DFC699D /* CordovaGoogleMaps.m */; };
		484F26370BB5458696ACDE8A /* PluginMapViewController.m in Sources */ = {isa = PBXBuildFile; fileRef = FDBED5E415FF4AF7B26DC81E /* PluginMapViewController.m */; };
		66A3843B858045FCA5323CD7 /* PluginGroundOverlay.m in Sources */ = {isa = PBXBuildFile; fileRef = 96B51EDA34EE45098A4FD94C /* PluginGroundOverlay.m */; };
		11FABFDD87C842AB93BF69C6 /* PluginKmlOverlay.m in Sources */ = {isa = PBXBuildFile; fileRef = 5916E48D931C425E91CAC661 /* PluginKmlOverlay.m */; };
		26D1BC1CC59D4ECB804744EF /* PluginMap.m in Sources */ = {isa = PBXBuildFile; fileRef = B0814EE5BE6A418582653609 /* PluginMap.m */; };
		3744227DF29449CFA1A29EBF /* PluginMarker.m in Sources */ = {isa = PBXBuildFile; fileRef = 6EF548121D2F420CBC23D4F8 /* PluginMarker.m */; };
		7A48A833866E4F8FAFAA90AF /* PluginUtil.m in Sources */ = {isa = PBXBuildFile; fileRef = 760055034BD64F6CBB4FA470 /* PluginUtil.m */; };
		A15A54E34E4D4568A7F654AB /* PluginPolygon.m in Sources */ = {isa = PBXBuildFile; fileRef = 210E336686124073A46350DE /* PluginPolygon.m */; };
		CB589129D04F4B018469CD97 /* PluginPolyline.m in Sources */ = {isa = PBXBuildFile; fileRef = BFF97E28363C4C0DB08034CD /* PluginPolyline.m */; };
		C6570F433E46486BA2D0CB55 /* PluginTileProvider.m in Sources */ = {isa = PBXBuildFile; fileRef = DDA1BA787C8045C7BC37AB0C /* PluginTileProvider.m */; };
		8FAAB4DBC79D470E9715DF49 /* TBXML.m in Sources */ = {isa = PBXBuildFile; fileRef = A4466AC14516428CB8D2C14D /* TBXML.m */; };
		1747C588B60A4268A75716C5 /* PluginTileOverlay.m in Sources */ = {isa = PBXBuildFile; fileRef = CAB76553C43B433F95D80817 /* PluginTileOverlay.m */; };
		8F59198D4BE2490CBCFCACD1 /* NSData+Base64.m in Sources */ = {isa = PBXBuildFile; fileRef = 4907D8CF5C8A40AD9194B590 /* NSData+Base64.m */; };
		9FFE2147259A41F2A162B734 /* GMSCoordinateBounds+Geometry.m in Sources */ = {isa = PBXBuildFile; fileRef = 5553C6B3096944C89061CC47 /* GMSCoordinateBounds+Geometry.m */; };
		DD9FE2F625564309BA6FFC10 /* MyPluginLayer.m in Sources */ = {isa = PBXBuildFile; fileRef = E532D55E08DF451182C46E90 /* MyPluginLayer.m */; };
		41A3EE1F61E34F96BE2739BE /* MyPluginScrollView.m in Sources */ = {isa = PBXBuildFile; fileRef = 3136011C87924E139012B5FA /* MyPluginScrollView.m */; };
		8A4C57CAE57245EF81E43DB5 /* PluginMarkerCluster.m in Sources */ = {isa = PBXBuildFile; fileRef = 0DF50C44671E4453A40EDAFC /* PluginMarkerCluster.m */; };
		C7BF3E8F22AD4FC29194B069 /* UIImageCache.m in Sources */ = {isa = PBXBuildFile; fileRef = 5A3D5B94DE9F4DCAA2DECF3E /* UIImageCache.m */; };
		71AE3756679E4878A746A1D0 /* PluginStreetViewPanorama.m in Sources */ = {isa = PBXBuildFile; fileRef = D6780FA5E20644969136E3BD /* PluginStreetViewPanorama.m */; };
		60DC30E07E8448AF835DD594 /* PluginStreetViewPanoramaController.m in Sources */ = {isa = PBXBuildFile; fileRef = 3EEA6BA45A434E01A9465EB5 /* PluginStreetViewPanoramaController.m */; };
		285CF63315CD4514BDD1AA59 /* PluginViewController.m in Sources */ = {isa = PBXBuildFile; fileRef = 3E83D5D20E624E94AD62D4F8 /* PluginViewController.m */; };
		72BDE76F510147FB8B27328E /* pgm_Localizable_en.json in Resources */ = {isa = PBXBuildFile; fileRef = EB908D7046AF4FDEA130F333 /* pgm_Localizable_en.json */; };
		7F79323A85E24B208C23637E /* pgm_Localizable_ja.json in Resources */ = {isa = PBXBuildFile; fileRef = BCDCD39CC5B74B48A5E97269 /* pgm_Localizable_ja.json */; };
		BC7ED698F98742F6AE049E95 /* pgm_Localizable_ru.json in Resources */ = {isa = PBXBuildFile; fileRef = F7FC03BCACF840CF872C599E /* pgm_Localizable_ru.json */; };
		35C75F7B6B994FF290553655 /* pgm_Localizable_uk.json in Resources */ = {isa = PBXBuildFile; fileRef = 5B36F9BB14AA4FE79A5EC985 /* pgm_Localizable_uk.json */; };
		C6A631826B1B497FA855C546 /* pgm_Localizable_pt-BR.json in Resources */ = {isa = PBXBuildFile; fileRef = 4556158AD83940CB89C6FF9C /* pgm_Localizable_pt-BR.json */; };
		1E65A73E30544A859FB25C12 /* pgm_Localizable_de.json in Resources */ = {isa = PBXBuildFile; fileRef = 25C815F4A1E54DBAB87FB1F3 /* pgm_Localizable_de.json */; };
		F72DC24BCB55464A985D2493 /* pgm_Localizable_fr.json in Resources */ = {isa = PBXBuildFile; fileRef = 665A95FA3A0A49BA93D8D048 /* pgm_Localizable_fr.json */; };
		6F1964A34FE64D2D89EE7D5F /* pgm_Localizable_hi.json in Resources */ = {isa = PBXBuildFile; fileRef = ED346997B6614DBABC392D9E /* pgm_Localizable_hi.json */; };
		3F85F8B916D44689BD4B6B7A /* pgm_Localizable_ar.json in Resources */ = {isa = PBXBuildFile; fileRef = A098BCF3A3B142BAA30D8DFB /* pgm_Localizable_ar.json */; };
		AB81F0E8B9554D9BB7479934 /* pgm_Localizable_nl.json in Resources */ = {isa = PBXBuildFile; fileRef = B9B0CE607CE34136BADBE9DB /* pgm_Localizable_nl.json */; };
		BEAB331B95604F71B4CDA9C0 /* pgm_Localizable_pl.json in Resources */ = {isa = PBXBuildFile; fileRef = AE6A9B88164D45F792DFA931 /* pgm_Localizable_pl.json */; };
		46F97EF8A4F145EBACCE5B90 /* pgm_Localizable_da.json in Resources */ = {isa = PBXBuildFile; fileRef = B036C2882D85424CB93B1A64 /* pgm_Localizable_da.json */; };
		99D8CAFDAACF48A594E42AC3 /* pgm_Localizable_vi.json in Resources */ = {isa = PBXBuildFile; fileRef = 711AC6EA968143B48D591A5A /* pgm_Localizable_vi.json */; };
/* End PBXBuildFile section */

/* Begin PBXContainerItemProxy section */
		301BF534109A57CC0062928A /* PBXContainerItemProxy */ = {
			isa = PBXContainerItemProxy;
			containerPortal = 301BF52D109A57CC0062928A /* CordovaLib.xcodeproj */;
			proxyType = 2;
			remoteGlobalIDString = D2AAC07E0554694100DB518D;
			remoteInfo = CordovaLib;
		};
		301BF550109A68C00062928A /* PBXContainerItemProxy */ = {
			isa = PBXContainerItemProxy;
			containerPortal = 301BF52D109A57CC0062928A /* CordovaLib.xcodeproj */;
			proxyType = 1;
			remoteGlobalIDString = D2AAC07D0554694100DB518D;
			remoteInfo = CordovaLib;
		};
/* End PBXContainerItemProxy section */

/* Begin PBXFileReference section */
		0207DA571B56EA530066E2B4 /* Images.xcassets */ = {isa = PBXFileReference; lastKnownFileType = folder.assetcatalog; name = Images.xcassets; path = "MyApp/Images.xcassets"; sourceTree = SOURCE_ROOT; };
		1D3623240D0F684500981E51 /* AppDelegate.h */ = {isa = PBXFileReference; fileEncoding = 4; lastKnownFileType = sourcecode.c.h; path = AppDelegate.h; sourceTree = "<group>"; };
		1D3623250D0F684500981E51 /* AppDelegate.m */ = {isa = PBXFileReference; fileEncoding = 4; lastKnownFileType = sourcecode.c.objc; path = AppDelegate.m; sourceTree = "<group>"; };
		1D6058910D05DD3D006BFB54 /* MyApp.app */ = {isa = PBXFileReference; explicitFileType = wrapper.application; includeInIndex = 0; path = "MyApp.app"; sourceTree = BUILT_PRODUCTS_DIR; };
		29B97316FDCFA39411CA2CEA /* main.m */ = {isa = PBXFileReference; fileEncoding = 4; lastKnownFileType = sourcecode.c.objc; path = main.m; sourceTree = "<group>"; };
		301BF52D109A57CC0062928A /* CordovaLib.xcodeproj */ = {isa = PBXFileReference; lastKnownFileType = "wrapper.pb-project"; path = CordovaLib/CordovaLib.xcodeproj; sourceTree = "<group>"; };
		301BF56E109A69640062928A /* www */ = {isa = PBXFileReference; lastKnownFileType = folder; path = www; sourceTree = SOURCE_ROOT; };
		302D95EE14D2391D003F00A1 /* MainViewController.h */ = {isa = PBXFileReference; fileEncoding = 4; lastKnownFileType = sourcecode.c.h; path = MainViewController.h; sourceTree = "<group>"; };
		302D95EF14D2391D003F00A1 /* MainViewController.m */ = {isa = PBXFileReference; fileEncoding = 4; lastKnownFileType = sourcecode.c.objc; path = MainViewController.m; sourceTree = "<group>"; };
		302D95F014D2391D003F00A1 /* MainViewController.xib */ = {isa = PBXFileReference; fileEncoding = 4; lastKnownFileType = file.xib; path = MainViewController.xib; sourceTree = "<group>"; };
		3047A50F1AB8059700498E2A /* build-debug.xcconfig */ = {isa = PBXFileReference; fileEncoding = 4; lastKnownFileType = text.xcconfig; name = "build-debug.xcconfig"; path = cordova/build-debug.xcconfig; sourceTree = SOURCE_ROOT; };
		3047A5101AB8059700498E2A /* build-release.xcconfig */ = {isa = PBXFileReference; fileEncoding = 4; lastKnownFileType = text.xcconfig; name = "build-release.xcconfig"; path = cordova/build-release.xcconfig; sourceTree = SOURCE_ROOT; };
		3047A5111AB8059700498E2A /* build.xcconfig */ = {isa = PBXFileReference; fileEncoding = 4; lastKnownFileType = text.xcconfig; name = build.xcconfig; path = cordova/build.xcconfig; sourceTree = SOURCE_ROOT; };
		32CA4F630368D1EE00C91783 /* MyApp-Prefix.pch */ = {isa = PBXFileReference; fileEncoding = 4; lastKnownFileType = sourcecode.c.h; path = "MyApp-Prefix.pch"; sourceTree = "<group>"; };
		6AFF5BF81D6E424B00AB3073 /* CDVLaunchScreen.storyboard */ = {isa = PBXFileReference; fileEncoding = 4; lastKnownFileType = file.storyboard; name = CDVLaunchScreen.storyboard; path = "MyApp/CDVLaunchScreen.storyboard"; sourceTree = SOURCE_ROOT; };
		8D1107310486CEB800E47090 /* MyApp-Info.plist */ = {isa = PBXFileReference; fileEncoding = 4; lastKnownFileType = text.plist.xml; name = "MyApp-Info.plist"; path = "MyApp/MyApp-Info.plist"; plistStructureDefinitionIdentifier = "com.apple.xcode.plist.structure-definition.iphone.info-plist"; sourceTree = SOURCE_ROOT; };
		EB87FDF31871DA8E0020F90C /* www */ = {isa = PBXFileReference; lastKnownFileType = folder; name = www; path = ../../www; sourceTree = "<group>"; };
		EB87FDF41871DAF40020F90C /* config.xml */ = {isa = PBXFileReference; lastKnownFileType = text.xml; name = config.xml; path = ../../config.xml; sourceTree = "<group>"; };
		F840E1F0165FE0F500CFE078 /* config.xml */ = {isa = PBXFileReference; lastKnownFileType = text.xml; name = config.xml; path = "MyApp/config.xml"; sourceTree = "<group>"; };
		ED33DF2A687741AEAF9F8254 /* Bridging-Header.h */ = {isa = PBXFileReference; fileEncoding = 4; lastKnownFileType = sourcecode.c.h; name = "Bridging-Header.h"; path = "Bridging-Header.h"; sourceTree = "<group>"; };
		36C4039482894A55B3934936 /* CDVDevice.m */ = {isa = PBXFileReference; name = "CDVDevice.m"; path = "cordova-plugin-device/CDVDevice.m"; sourceTree = "<group>"; fileEncoding = 4; lastKnownFileType = sourcecode.c.objc; explicitFileType = undefined; includeInIndex = 0; };
		31E2B158CC7B494789D322BB /* CDVDevice.h */ = {isa = PBXFileReference; name = "CDVDevice.h"; path = "cordova-plugin-device/CDVDevice.h"; sourceTree = "<group>"; fileEncoding = 4; lastKnownFileType = sourcecode.c.h; explicitFileType = undefined; includeInIndex = 0; };
		08AB55BF88374AC7A88DEC6E /* CDVIonicKeyboard.m */ = {isa = PBXFileReference; name = "CDVIonicKeyboard.m"; path = "cordova-plugin-ionic-keyboard/CDVIonicKeyboard.m"; sourceTree = "<group>"; fileEncoding = 4; lastKnownFileType = sourcecode.c.objc; explicitFileType = undefined; includeInIndex = 0; };
		A98D05A754B34F85AC72C689 /* CDVIonicKeyboard.h */ = {isa = PBXFileReference; name = "CDVIonicKeyboard.h"; path = "cordova-plugin-ionic-keyboard/CDVIonicKeyboard.h"; sourceTree = "<group>"; fileEncoding = 4; lastKnownFileType = sourcecode.c.h; explicitFileType = undefined; includeInIndex = 0; };
		7553FD884A6B4258AD33022E /* CDVWKWebViewEngine.m */ = {isa = PBXFileReference; name = "CDVWKWebViewEngine.m"; path = "cordova-plugin-ionic-webview/CDVWKWebViewEngine.m"; sourceTree = "<group>"; fileEncoding = 4; lastKnownFileType = sourcecode.c.objc; explicitFileType = undefined; includeInIndex = 0; };
		AAF4E3D3E3214A6CA7816761 /* CDVWKWebViewUIDelegate.m */ = {isa = PBXFileReference; name = "CDVWKWebViewUIDelegate.m"; path = "cordova-plugin-ionic-webview/CDVWKWebViewUIDelegate.m"; sourceTree = "<group>"; fileEncoding = 4; lastKnownFileType = sourcecode.c.objc; explicitFileType = undefined; includeInIndex = 0; };
		ECEDE48D06BF4C4AACE1C761 /* CDVWKProcessPoolFactory.m */ = {isa = PBXFileReference; name = "CDVWKProcessPoolFactory.m"; path = "cordova-plugin-ionic-webview/CDVWKProcessPoolFactory.m"; sourceTree = "<group>"; fileEncoding = 4; lastKnownFileType = sourcecode.c.objc; explicitFileType = undefined; includeInIndex = 0; };
		27827D0D5D2A4F6FAB85CAAE /* GCDWebServer.m */ = {isa = PBXFileReference; name = "GCDWebServer.m"; path = "cordova-plugin-ionic-webview/GCDWebServer.m"; sourceTree = "<group>"; fileEncoding = 4; lastKnownFileType = sourcecode.c.objc; explicitFileType = undefined; includeInIndex = 0; };
		DEED71A265BB464289A74421 /* GCDWebServerConnection.m */ = {isa = PBXFileReference; name = "GCDWebServerConnection.m"; path = "cordova-plugin-ionic-webview/GCDWebServerConnection.m"; sourceTree = "<group>"; fileEncoding = 4; lastKnownFileType = sourcecode.c.objc; explicitFileType = undefined; includeInIndex = 0; };
		CECB291F11A24257AC1EF9EB /* GCDWebServerFunctions.m */ = {isa = PBXFileReference; name = "GCDWebServerFunctions.m"; path = "cordova-plugin-ionic-webview/GCDWebServerFunctions.m"; sourceTree = "<group>"; fileEncoding = 4; lastKnownFileType = sourcecode.c.objc; explicitFileType = undefined; includeInIndex = 0; };
		763AA984AACB4770BB248560 /* GCDWebServerRequest.m */ = {isa = PBXFileReference; name = "GCDWebServerRequest.m"; path = "cordova-plugin-ionic-webview/GCDWebServerRequest.m"; sourceTree = "<group>"; fileEncoding = 4; lastKnownFileType = sourcecode.c.objc; explicitFileType = undefined; includeInIndex = 0; };
		80E2845A433B4918A7BEEF18 /* GCDWebServerResponse.m */ = {isa = PBXFileReference; name = "GCDWebServerResponse.m"; path = "cordova-plugin-ionic-webview/GCDWebServerResponse.m"; sourceTree = "<group>"; fileEncoding = 4; lastKnownFileType = sourcecode.c.objc; explicitFileType = undefined; includeInIndex = 0; };
		0F82A6D88A204D538EA46120 /* GCDWebServerDataRequest.m */ = {isa = PBXFileReference; name = "GCDWebServerDataRequest.m"; path = "cordova-plugin-ionic-webview/GCDWebServerDataRequest.m"; sourceTree = "<group>"; fileEncoding = 4; lastKnownFileType = sourcecode.c.objc; explicitFileType = undefined; includeInIndex = 0; };
		659BB4CDC05E4B5291E50F60 /* GCDWebServerFileRequest.m */ = {isa = PBXFileReference; name = "GCDWebServerFileRequest.m"; path = "cordova-plugin-ionic-webview/GCDWebServerFileRequest.m"; sourceTree = "<group>"; fileEncoding = 4; lastKnownFileType = sourcecode.c.objc; explicitFileType = undefined; includeInIndex = 0; };
		FC6492659C5A4ED9A4BB0C70 /* GCDWebServerMultiPartFormRequest.m */ = {isa = PBXFileReference; name = "GCDWebServerMultiPartFormRequest.m"; path = "cordova-plugin-ionic-webview/GCDWebServerMultiPartFormRequest.m"; sourceTree = "<group>"; fileEncoding = 4; lastKnownFileType = sourcecode.c.objc; explicitFileType = undefined; includeInIndex = 0; };
		943F65B26738433598396C39 /* GCDWebServerURLEncodedFormRequest.m */ = {isa = PBXFileReference; name = "GCDWebServerURLEncodedFormRequest.m"; path = "cordova-plugin-ionic-webview/GCDWebServerURLEncodedFormRequest.m"; sourceTree = "<group>"; fileEncoding = 4; lastKnownFileType = sourcecode.c.objc; explicitFileType = undefined; includeInIndex = 0; };
		F664BE8C5A934BCABB6F44FE /* GCDWebServerDataResponse.m */ = {isa = PBXFileReference; name = "GCDWebServerDataResponse.m"; path = "cordova-plugin-ionic-webview/GCDWebServerDataResponse.m"; sourceTree = "<group>"; fileEncoding = 4; lastKnownFileType = sourcecode.c.objc; explicitFileType = undefined; includeInIndex = 0; };
		4C1642D6A8304E0BA0FFDC31 /* GCDWebServerErrorResponse.m */ = {isa = PBXFileReference; name = "GCDWebServerErrorResponse.m"; path = "cordova-plugin-ionic-webview/GCDWebServerErrorResponse.m"; sourceTree = "<group>"; fileEncoding = 4; lastKnownFileType = sourcecode.c.objc; explicitFileType = undefined; includeInIndex = 0; };
		34F4A63FA24B48CE8C81D65E /* GCDWebServerFileResponse.m */ = {isa = PBXFileReference; name = "GCDWebServerFileResponse.m"; path = "cordova-plugin-ionic-webview/GCDWebServerFileResponse.m"; sourceTree = "<group>"; fileEncoding = 4; lastKnownFileType = sourcecode.c.objc; explicitFileType = undefined; includeInIndex = 0; };
		F8E8513C55D14F638AE2234B /* GCDWebServerStreamedResponse.m */ = {isa = PBXFileReference; name = "GCDWebServerStreamedResponse.m"; path = "cordova-plugin-ionic-webview/GCDWebServerStreamedResponse.m"; sourceTree = "<group>"; fileEncoding = 4; lastKnownFileType = sourcecode.c.objc; explicitFileType = undefined; includeInIndex = 0; };
		E459EF9171DF4D4792A2DAB0 /* CDVWKWebViewEngine.h */ = {isa = PBXFileReference; name = "CDVWKWebViewEngine.h"; path = "cordova-plugin-ionic-webview/CDVWKWebViewEngine.h"; sourceTree = "<group>"; fileEncoding = 4; lastKnownFileType = sourcecode.c.h; explicitFileType = undefined; includeInIndex = 0; };
		EBAEEE02BFC04518945B12DD /* CDVWKWebViewUIDelegate.h */ = {isa = PBXFileReference; name = "CDVWKWebViewUIDelegate.h"; path = "cordova-plugin-ionic-webview/CDVWKWebViewUIDelegate.h"; sourceTree = "<group>"; fileEncoding = 4; lastKnownFileType = sourcecode.c.h; explicitFileType = undefined; includeInIndex = 0; };
		A4280958E4C647FE9F6C0009 /* CDVWKProcessPoolFactory.h */ = {isa = PBXFileReference; name = "CDVWKProcessPoolFactory.h"; path = "cordova-plugin-ionic-webview/CDVWKProcessPoolFactory.h"; sourceTree = "<group>"; fileEncoding = 4; lastKnownFileType = sourcecode.c.h; explicitFileType = undefined; includeInIndex = 0; };
		B09A777FD14E4E5D95CF792B /* GCDWebServer.h */ = {isa = PBXFileReference; name = "GCDWebServer.h"; path = "cordova-plugin-ionic-webview/GCDWebServer.h"; sourceTree = "<group>"; fileEncoding = 4; lastKnownFileType = sourcecode.c.h; explicitFileType = undefined; includeInIndex = 0; };
		4FD3A107A8024D2886F2B048 /* GCDWebServerConnection.h */ = {isa = PBXFileReference; name = "GCDWebServerConnection.h"; path = "cordova-plugin-ionic-webview/GCDWebServerConnection.h"; sourceTree = "<group>"; fileEncoding = 4; lastKnownFileType = sourcecode.c.h; explicitFileType = undefined; includeInIndex = 0; };
		1AA4057A4C964EFB8AF8CD50 /* GCDWebServerFunctions.h */ = {isa = PBXFileReference; name = "GCDWebServerFunctions.h"; path = "cordova-plugin-ionic-webview/GCDWebServerFunctions.h"; sourceTree = "<group>"; fileEncoding = 4; lastKnownFileType = sourcecode.c.h; explicitFileType = undefined; includeInIndex = 0; };
		4C632748BAD74253BE56B49F /* GCDWebServerHTTPStatusCodes.h */ = {isa = PBXFileReference; name = "GCDWebServerHTTPStatusCodes.h"; path = "cordova-plugin-ionic-webview/GCDWebServerHTTPStatusCodes.h"; sourceTree = "<group>"; fileEncoding = 4; lastKnownFileType = sourcecode.c.h; explicitFileType = undefined; includeInIndex = 0; };
		801C7123B29C4E58804B20FB /* GCDWebServerPrivate.h */ = {isa = PBXFileReference; name = "GCDWebServerPrivate.h"; path = "cordova-plugin-ionic-webview/GCDWebServerPrivate.h"; sourceTree = "<group>"; fileEncoding = 4; lastKnownFileType = sourcecode.c.h; explicitFileType = undefined; includeInIndex = 0; };
		BD31D7FC20704B328C713C52 /* GCDWebServerRequest.h */ = {isa = PBXFileReference; name = "GCDWebServerRequest.h"; path = "cordova-plugin-ionic-webview/GCDWebServerRequest.h"; sourceTree = "<group>"; fileEncoding = 4; lastKnownFileType = sourcecode.c.h; explicitFileType = undefined; includeInIndex = 0; };
		B0A38D03A3A546DF816D0417 /* GCDWebServerResponse.h */ = {isa = PBXFileReference; name = "GCDWebServerResponse.h"; path = "cordova-plugin-ionic-webview/GCDWebServerResponse.h"; sourceTree = "<group>"; fileEncoding = 4; lastKnownFileType = sourcecode.c.h; explicitFileType = undefined; includeInIndex = 0; };
		8F23B8AC76CF4B71B4764B39 /* GCDWebServerDataRequest.h */ = {isa = PBXFileReference; name = "GCDWebServerDataRequest.h"; path = "cordova-plugin-ionic-webview/GCDWebServerDataRequest.h"; sourceTree = "<group>"; fileEncoding = 4; lastKnownFileType = sourcecode.c.h; explicitFileType = undefined; includeInIndex = 0; };
		70DA42D0CA204E549B66CFFB /* GCDWebServerFileRequest.h */ = {isa = PBXFileReference; name = "GCDWebServerFileRequest.h"; path = "cordova-plugin-ionic-webview/GCDWebServerFileRequest.h"; sourceTree = "<group>"; fileEncoding = 4; lastKnownFileType = sourcecode.c.h; explicitFileType = undefined; includeInIndex = 0; };
		FD0155154F0646E884DC79E0 /* GCDWebServerMultiPartFormRequest.h */ = {isa = PBXFileReference; name = "GCDWebServerMultiPartFormRequest.h"; path = "cordova-plugin-ionic-webview/GCDWebServerMultiPartFormRequest.h"; sourceTree = "<group>"; fileEncoding = 4; lastKnownFileType = sourcecode.c.h; explicitFileType = undefined; includeInIndex = 0; };
		091B7A2B838B404EA332D87B /* GCDWebServerURLEncodedFormRequest.h */ = {isa = PBXFileReference; name = "GCDWebServerURLEncodedFormRequest.h"; path = "cordova-plugin-ionic-webview/GCDWebServerURLEncodedFormRequest.h"; sourceTree = "<group>"; fileEncoding = 4; lastKnownFileType = sourcecode.c.h; explicitFileType = undefined; includeInIndex = 0; };
		08A59672948A4E92BF28F518 /* GCDWebServerDataResponse.h */ = {isa = PBXFileReference; name = "GCDWebServerDataResponse.h"; path = "cordova-plugin-ionic-webview/GCDWebServerDataResponse.h"; sourceTree = "<group>"; fileEncoding = 4; lastKnownFileType = sourcecode.c.h; explicitFileType = undefined; includeInIndex = 0; };
		D05D1B40016247A78935B785 /* GCDWebServerErrorResponse.h */ = {isa = PBXFileReference; name = "GCDWebServerErrorResponse.h"; path = "cordova-plugin-ionic-webview/GCDWebServerErrorResponse.h"; sourceTree = "<group>"; fileEncoding = 4; lastKnownFileType = sourcecode.c.h; explicitFileType = undefined; includeInIndex = 0; };
		4C56DCEAA3AD498891DCD566 /* GCDWebServerFileResponse.h */ = {isa = PBXFileReference; name = "GCDWebServerFileResponse.h"; path = "cordova-plugin-ionic-webview/GCDWebServerFileResponse.h"; sourceTree = "<group>"; fileEncoding = 4; lastKnownFileType = sourcecode.c.h; explicitFileType = undefined; includeInIndex = 0; };
		8289D4E26E2145659A60D34B /* GCDWebServerStreamedResponse.h */ = {isa = PBXFileReference; name = "GCDWebServerStreamedResponse.h"; path = "cordova-plugin-ionic-webview/GCDWebServerStreamedResponse.h"; sourceTree = "<group>"; fileEncoding = 4; lastKnownFileType = sourcecode.c.h; explicitFileType = undefined; includeInIndex = 0; };
		DE976C98725D451195BCF9A9 /* WebKit.framework */ = {isa = PBXFileReference; name = "WebKit.framework"; path = "System/Library/Frameworks/WebKit.framework"; sourceTree = SDKROOT; fileEncoding = undefined; lastKnownFileType = wrapper.framework; explicitFileType = undefined; includeInIndex = 0; };
		7D4B73BE1B74415E9E4DEFE4 /* libz.tbd */ = {isa = PBXFileReference; name = "libz.tbd"; path = "usr/lib/libz.tbd"; sourceTree = SDKROOT; fileEncoding = undefined; lastKnownFileType = sourcecode.text-based-dylib-definition; explicitFileType = undefined; includeInIndex = 0; };
		564FC1F7BFE24AE4A8AAFAAB /* CDVSplashScreen.m */ = {isa = PBXFileReference; name = "CDVSplashScreen.m"; path = "cordova-plugin-splashscreen/CDVSplashScreen.m"; sourceTree = "<group>"; fileEncoding = 4; lastKnownFileType = sourcecode.c.objc; explicitFileType = undefined; includeInIndex = 0; };
		6D3CB9723DDA4B82B69F8D4E /* CDVViewController+SplashScreen.m */ = {isa = PBXFileReference; name = "CDVViewController+SplashScreen.m"; path = "cordova-plugin-splashscreen/CDVViewController+SplashScreen.m"; sourceTree = "<group>"; fileEncoding = 4; lastKnownFileType = sourcecode.c.objc; explicitFileType = undefined; includeInIndex = 0; };
		EA6CDBEB9D374AB78F6AA709 /* CDVSplashScreen.h */ = {isa = PBXFileReference; name = "CDVSplashScreen.h"; path = "cordova-plugin-splashscreen/CDVSplashScreen.h"; sourceTree = "<group>"; fileEncoding = 4; lastKnownFileType = sourcecode.c.h; explicitFileType = undefined; includeInIndex = 0; };
		090B72211F8C4744ADE43FCF /* CDVViewController+SplashScreen.h */ = {isa = PBXFileReference; name = "CDVViewController+SplashScreen.h"; path = "cordova-plugin-splashscreen/CDVViewController+SplashScreen.h"; sourceTree = "<group>"; fileEncoding = 4; lastKnownFileType = sourcecode.c.h; explicitFileType = undefined; includeInIndex = 0; };
		8F8AEC4EED5841CE99B1907B /* CDVStatusBar.m */ = {isa = PBXFileReference; name = "CDVStatusBar.m"; path = "cordova-plugin-statusbar/CDVStatusBar.m"; sourceTree = "<group>"; fileEncoding = 4; lastKnownFileType = sourcecode.c.objc; explicitFileType = undefined; includeInIndex = 0; };
		12E6AE060921479282E94BD8 /* CDVStatusBar.h */ = {isa = PBXFileReference; name = "CDVStatusBar.h"; path = "cordova-plugin-statusbar/CDVStatusBar.h"; sourceTree = "<group>"; fileEncoding = 4; lastKnownFileType = sourcecode.c.h; explicitFileType = undefined; includeInIndex = 0; };
		F7FB1E819EF24085BAB8DC40 /* PluginObjects.m */ = {isa = PBXFileReference; name = "PluginObjects.m"; path = "cordova-plugin-googlemaps/PluginObjects.m"; sourceTree = "<group>"; fileEncoding = 4; lastKnownFileType = sourcecode.c.objc; explicitFileType = undefined; includeInIndex = 0; };
		EF869EEF361145288C1EAF73 /* PluginCircle.m */ = {isa = PBXFileReference; name = "PluginCircle.m"; path = "cordova-plugin-googlemaps/PluginCircle.m"; sourceTree = "<group>"; fileEncoding = 4; lastKnownFileType = sourcecode.c.objc; explicitFileType = undefined; includeInIndex = 0; };
		7E29A7968FAC4F558273EAE1 /* PluginGeocoder.m */ = {isa = PBXFileReference; name = "PluginGeocoder.m"; path = "cordova-plugin-googlemaps/PluginGeocoder.m"; sourceTree = "<group>"; fileEncoding = 4; lastKnownFileType = sourcecode.c.objc; explicitFileType = undefined; includeInIndex = 0; };
		D46D92F8CFAD4584B3F6DAC5 /* PluginLocationService.m */ = {isa = PBXFileReference; name = "PluginLocationService.m"; path = "cordova-plugin-googlemaps/PluginLocationService.m"; sourceTree = "<group>"; fileEncoding = 4; lastKnownFileType = sourcecode.c.objc; explicitFileType = undefined; includeInIndex = 0; };
		F834410427214DDA9F1C0912 /* PluginEnvironment.m */ = {isa = PBXFileReference; name = "PluginEnvironment.m"; path = "cordova-plugin-googlemaps/PluginEnvironment.m"; sourceTree = "<group>"; fileEncoding = 4; lastKnownFileType = sourcecode.c.objc; explicitFileType = undefined; includeInIndex = 0; };
		7B3F821C6B38410B8DFC699D /* CordovaGoogleMaps.m */ = {isa = PBXFileReference; name = "CordovaGoogleMaps.m"; path = "cordova-plugin-googlemaps/CordovaGoogleMaps.m"; sourceTree = "<group>"; fileEncoding = 4; lastKnownFileType = sourcecode.c.objc; explicitFileType = undefined; includeInIndex = 0; };
		FDBED5E415FF4AF7B26DC81E /* PluginMapViewController.m */ = {isa = PBXFileReference; name = "PluginMapViewController.m"; path = "cordova-plugin-googlemaps/PluginMapViewController.m"; sourceTree = "<group>"; fileEncoding = 4; lastKnownFileType = sourcecode.c.objc; explicitFileType = undefined; includeInIndex = 0; };
		96B51EDA34EE45098A4FD94C /* PluginGroundOverlay.m */ = {isa = PBXFileReference; name = "PluginGroundOverlay.m"; path = "cordova-plugin-googlemaps/PluginGroundOverlay.m"; sourceTree = "<group>"; fileEncoding = 4; lastKnownFileType = sourcecode.c.objc; explicitFileType = undefined; includeInIndex = 0; };
		5916E48D931C425E91CAC661 /* PluginKmlOverlay.m */ = {isa = PBXFileReference; name = "PluginKmlOverlay.m"; path = "cordova-plugin-googlemaps/PluginKmlOverlay.m"; sourceTree = "<group>"; fileEncoding = 4; lastKnownFileType = sourcecode.c.objc; explicitFileType = undefined; includeInIndex = 0; };
		B0814EE5BE6A418582653609 /* PluginMap.m */ = {isa = PBXFileReference; name = "PluginMap.m"; path = "cordova-plugin-googlemaps/PluginMap.m"; sourceTree = "<group>"; fileEncoding = 4; lastKnownFileType = sourcecode.c.objc; explicitFileType = undefined; includeInIndex = 0; };
		6EF548121D2F420CBC23D4F8 /* PluginMarker.m */ = {isa = PBXFileReference; name = "PluginMarker.m"; path = "cordova-plugin-googlemaps/PluginMarker.m"; sourceTree = "<group>"; fileEncoding = 4; lastKnownFileType = sourcecode.c.objc; explicitFileType = undefined; includeInIndex = 0; };
		760055034BD64F6CBB4FA470 /* PluginUtil.m */ = {isa = PBXFileReference; name = "PluginUtil.m"; path = "cordova-plugin-googlemaps/PluginUtil.m"; sourceTree = "<group>"; fileEncoding = 4; lastKnownFileType = sourcecode.c.objc; explicitFileType = undefined; includeInIndex = 0; };
		210E336686124073A46350DE /* PluginPolygon.m */ = {isa = PBXFileReference; name = "PluginPolygon.m"; path = "cordova-plugin-googlemaps/PluginPolygon.m"; sourceTree = "<group>"; fileEncoding = 4; lastKnownFileType = sourcecode.c.objc; explicitFileType = undefined; includeInIndex = 0; };
		BFF97E28363C4C0DB08034CD /* PluginPolyline.m */ = {isa = PBXFileReference; name = "PluginPolyline.m"; path = "cordova-plugin-googlemaps/PluginPolyline.m"; sourceTree = "<group>"; fileEncoding = 4; lastKnownFileType = sourcecode.c.objc; explicitFileType = undefined; includeInIndex = 0; };
		DDA1BA787C8045C7BC37AB0C /* PluginTileProvider.m */ = {isa = PBXFileReference; name = "PluginTileProvider.m"; path = "cordova-plugin-googlemaps/PluginTileProvider.m"; sourceTree = "<group>"; fileEncoding = 4; lastKnownFileType = sourcecode.c.objc; explicitFileType = undefined; includeInIndex = 0; };
		A4466AC14516428CB8D2C14D /* TBXML.m */ = {isa = PBXFileReference; name = "TBXML.m"; path = "cordova-plugin-googlemaps/TBXML.m"; sourceTree = "<group>"; fileEncoding = 4; lastKnownFileType = sourcecode.c.objc; explicitFileType = undefined; includeInIndex = 0; };
		CAB76553C43B433F95D80817 /* PluginTileOverlay.m */ = {isa = PBXFileReference; name = "PluginTileOverlay.m"; path = "cordova-plugin-googlemaps/PluginTileOverlay.m"; sourceTree = "<group>"; fileEncoding = 4; lastKnownFileType = sourcecode.c.objc; explicitFileType = undefined; includeInIndex = 0; };
		4907D8CF5C8A40AD9194B590 /* NSData+Base64.m */ = {isa = PBXFileReference; name = "NSData+Base64.m"; path = "cordova-plugin-googlemaps/NSData+Base64.m"; sourceTree = "<group>"; fileEncoding = 4; lastKnownFileType = sourcecode.c.objc; explicitFileType = undefined; includeInIndex = 0; };
		5553C6B3096944C89061CC47 /* GMSCoordinateBounds+Geometry.m */ = {isa = PBXFileReference; name = "GMSCoordinateBounds+Geometry.m"; path = "cordova-plugin-googlemaps/GMSCoordinateBounds+Geometry.m"; sourceTree = "<group>"; fileEncoding = 4; lastKnownFileType = sourcecode.c.objc; explicitFileType = undefined; includeInIndex = 0; };
		E532D55E08DF451182C46E90 /* MyPluginLayer.m */ = {isa = PBXFileReference; name = "MyPluginLayer.m"; path = "cordova-plugin-googlemaps/MyPluginLayer.m"; sourceTree = "<group>"; fileEncoding = 4; lastKnownFileType = sourcecode.c.objc; explicitFileType = undefined; includeInIndex = 0; };
		3136011C87924E139012B5FA /* MyPluginScrollView.m */ = {isa = PBXFileReference; name = "MyPluginScrollView.m"; path = "cordova-plugin-googlemaps/MyPluginScrollView.m"; sourceTree = "<group>"; fileEncoding = 4; lastKnownFileType = sourcecode.c.objc; explicitFileType = undefined; includeInIndex = 0; };
		0DF50C44671E4453A40EDAFC /* PluginMarkerCluster.m */ = {isa = PBXFileReference; name = "PluginMarkerCluster.m"; path = "cordova-plugin-googlemaps/PluginMarkerCluster.m"; sourceTree = "<group>"; fileEncoding = 4; lastKnownFileType = sourcecode.c.objc; explicitFileType = undefined; includeInIndex = 0; };
		5A3D5B94DE9F4DCAA2DECF3E /* UIImageCache.m */ = {isa = PBXFileReference; name = "UIImageCache.m"; path = "cordova-plugin-googlemaps/UIImageCache.m"; sourceTree = "<group>"; fileEncoding = 4; lastKnownFileType = sourcecode.c.objc; explicitFileType = undefined; includeInIndex = 0; };
		D6780FA5E20644969136E3BD /* PluginStreetViewPanorama.m */ = {isa = PBXFileReference; name = "PluginStreetViewPanorama.m"; path = "cordova-plugin-googlemaps/PluginStreetViewPanorama.m"; sourceTree = "<group>"; fileEncoding = 4; lastKnownFileType = sourcecode.c.objc; explicitFileType = undefined; includeInIndex = 0; };
		3EEA6BA45A434E01A9465EB5 /* PluginStreetViewPanoramaController.m */ = {isa = PBXFileReference; name = "PluginStreetViewPanoramaController.m"; path = "cordova-plugin-googlemaps/PluginStreetViewPanoramaController.m"; sourceTree = "<group>"; fileEncoding = 4; lastKnownFileType = sourcecode.c.objc; explicitFileType = undefined; includeInIndex = 0; };
		3E83D5D20E624E94AD62D4F8 /* PluginViewController.m */ = {isa = PBXFileReference; name = "PluginViewController.m"; path = "cordova-plugin-googlemaps/PluginViewController.m"; sourceTree = "<group>"; fileEncoding = 4; lastKnownFileType = sourcecode.c.objc; explicitFileType = undefined; includeInIndex = 0; };
		7A25B5BE1AE349F4A5325710 /* PluginObjects.h */ = {isa = PBXFileReference; name = "PluginObjects.h"; path = "cordova-plugin-googlemaps/PluginObjects.h"; sourceTree = "<group>"; fileEncoding = 4; lastKnownFileType = sourcecode.c.h; explicitFileType = undefined; includeInIndex = 0; };
		C489351E363A4977A81B3B22 /* PluginCircle.h */ = {isa = PBXFileReference; name = "PluginCircle.h"; path = "cordova-plugin-googlemaps/PluginCircle.h"; sourceTree = "<group>"; fileEncoding = 4; lastKnownFileType = sourcecode.c.h; explicitFileType = undefined; includeInIndex = 0; };
		0CF8E50D76854082B34692C4 /* PluginGeocoder.h */ = {isa = PBXFileReference; name = "PluginGeocoder.h"; path = "cordova-plugin-googlemaps/PluginGeocoder.h"; sourceTree = "<group>"; fileEncoding = 4; lastKnownFileType = sourcecode.c.h; explicitFileType = undefined; includeInIndex = 0; };
		4B5C1F774E45413585683C3E /* PluginLocationService.h */ = {isa = PBXFileReference; name = "PluginLocationService.h"; path = "cordova-plugin-googlemaps/PluginLocationService.h"; sourceTree = "<group>"; fileEncoding = 4; lastKnownFileType = sourcecode.c.h; explicitFileType = undefined; includeInIndex = 0; };
		9612E0EB78864796B3BB8203 /* PluginEnvironment.h */ = {isa = PBXFileReference; name = "PluginEnvironment.h"; path = "cordova-plugin-googlemaps/PluginEnvironment.h"; sourceTree = "<group>"; fileEncoding = 4; lastKnownFileType = sourcecode.c.h; explicitFileType = undefined; includeInIndex = 0; };
		1CFD482FFEA64152930735C4 /* CordovaGoogleMaps.h */ = {isa = PBXFileReference; name = "CordovaGoogleMaps.h"; path = "cordova-plugin-googlemaps/CordovaGoogleMaps.h"; sourceTree = "<group>"; fileEncoding = 4; lastKnownFileType = sourcecode.c.h; explicitFileType = undefined; includeInIndex = 0; };
		31BA183594614D34BCAF1ADB /* PluginMapViewController.h */ = {isa = PBXFileReference; name = "PluginMapViewController.h"; path = "cordova-plugin-googlemaps/PluginMapViewController.h"; sourceTree = "<group>"; fileEncoding = 4; lastKnownFileType = sourcecode.c.h; explicitFileType = undefined; includeInIndex = 0; };
		BC67D2B621B8425081E21A6B /* PluginGroundOverlay.h */ = {isa = PBXFileReference; name = "PluginGroundOverlay.h"; path = "cordova-plugin-googlemaps/PluginGroundOverlay.h"; sourceTree = "<group>"; fileEncoding = 4; lastKnownFileType = sourcecode.c.h; explicitFileType = undefined; includeInIndex = 0; };
		9F3B02F05F0A458B89EA647D /* PluginKmlOverlay.h */ = {isa = PBXFileReference; name = "PluginKmlOverlay.h"; path = "cordova-plugin-googlemaps/PluginKmlOverlay.h"; sourceTree = "<group>"; fileEncoding = 4; lastKnownFileType = sourcecode.c.h; explicitFileType = undefined; includeInIndex = 0; };
		4929B91C7AEF4A31BC008814 /* PluginMap.h */ = {isa = PBXFileReference; name = "PluginMap.h"; path = "cordova-plugin-googlemaps/PluginMap.h"; sourceTree = "<group>"; fileEncoding = 4; lastKnownFileType = sourcecode.c.h; explicitFileType = undefined; includeInIndex = 0; };
		F9304BD0690E4DAAB6DD6784 /* PluginMarker.h */ = {isa = PBXFileReference; name = "PluginMarker.h"; path = "cordova-plugin-googlemaps/PluginMarker.h"; sourceTree = "<group>"; fileEncoding = 4; lastKnownFileType = sourcecode.c.h; explicitFileType = undefined; includeInIndex = 0; };
		78246F4FCE9D458A9B931152 /* PluginUtil.h */ = {isa = PBXFileReference; name = "PluginUtil.h"; path = "cordova-plugin-googlemaps/PluginUtil.h"; sourceTree = "<group>"; fileEncoding = 4; lastKnownFileType = sourcecode.c.h; explicitFileType = undefined; includeInIndex = 0; };
		AA4A314D80034419A647D3F4 /* PluginPolygon.h */ = {isa = PBXFileReference; name = "PluginPolygon.h"; path = "cordova-plugin-googlemaps/PluginPolygon.h"; sourceTree = "<group>"; fileEncoding = 4; lastKnownFileType = sourcecode.c.h; explicitFileType = undefined; includeInIndex = 0; };
		231CB7CAD8B64E69972A13A0 /* PluginPolyline.h */ = {isa = PBXFileReference; name = "PluginPolyline.h"; path = "cordova-plugin-googlemaps/PluginPolyline.h"; sourceTree = "<group>"; fileEncoding = 4; lastKnownFileType = sourcecode.c.h; explicitFileType = undefined; includeInIndex = 0; };
		170E6FE6F7334CE8B17649BF /* PluginTileProvider.h */ = {isa = PBXFileReference; name = "PluginTileProvider.h"; path = "cordova-plugin-googlemaps/PluginTileProvider.h"; sourceTree = "<group>"; fileEncoding = 4; lastKnownFileType = sourcecode.c.h; explicitFileType = undefined; includeInIndex = 0; };
		A10BA4B8A1FE4E65B39BCBC6 /* TBXML.h */ = {isa = PBXFileReference; name = "TBXML.h"; path = "cordova-plugin-googlemaps/TBXML.h"; sourceTree = "<group>"; fileEncoding = 4; lastKnownFileType = sourcecode.c.h; explicitFileType = undefined; includeInIndex = 0; };
		F3201F4A243E41D99CED796F /* PluginTileOverlay.h */ = {isa = PBXFileReference; name = "PluginTileOverlay.h"; path = "cordova-plugin-googlemaps/PluginTileOverlay.h"; sourceTree = "<group>"; fileEncoding = 4; lastKnownFileType = sourcecode.c.h; explicitFileType = undefined; includeInIndex = 0; };
		839D5AAD750447B980DFE0AB /* NSData+Base64.h */ = {isa = PBXFileReference; name = "NSData+Base64.h"; path = "cordova-plugin-googlemaps/NSData+Base64.h"; sourceTree = "<group>"; fileEncoding = 4; lastKnownFileType = sourcecode.c.h; explicitFileType = undefined; includeInIndex = 0; };
		22223B5ACD4D4928AC19129F /* NSData+Base64.podspec */ = {isa = PBXFileReference; name = "NSData+Base64.podspec"; path = "cordova-plugin-googlemaps/NSData+Base64.podspec"; sourceTree = "<group>"; fileEncoding = undefined; lastKnownFileType = unknown; explicitFileType = undefined; includeInIndex = 0; };
		F5DBE771F2C241898EB05A7C /* GMSCoordinateBounds+Geometry.h */ = {isa = PBXFileReference; name = "GMSCoordinateBounds+Geometry.h"; path = "cordova-plugin-googlemaps/GMSCoordinateBounds+Geometry.h"; sourceTree = "<group>"; fileEncoding = 4; lastKnownFileType = sourcecode.c.h; explicitFileType = undefined; includeInIndex = 0; };
		1C4A86403F6546F7B89CFA0C /* MyPluginLayer.h */ = {isa = PBXFileReference; name = "MyPluginLayer.h"; path = "cordova-plugin-googlemaps/MyPluginLayer.h"; sourceTree = "<group>"; fileEncoding = 4; lastKnownFileType = sourcecode.c.h; explicitFileType = undefined; includeInIndex = 0; };
		18E1694E4443414B8F04AC33 /* MyPluginScrollView.h */ = {isa = PBXFileReference; name = "MyPluginScrollView.h"; path = "cordova-plugin-googlemaps/MyPluginScrollView.h"; sourceTree = "<group>"; fileEncoding = 4; lastKnownFileType = sourcecode.c.h; explicitFileType = undefined; includeInIndex = 0; };
		EC30A6B837E9435BA5AA0319 /* PluginMarkerCluster.h */ = {isa = PBXFileReference; name = "PluginMarkerCluster.h"; path = "cordova-plugin-googlemaps/PluginMarkerCluster.h"; sourceTree = "<group>"; fileEncoding = 4; lastKnownFileType = sourcecode.c.h; explicitFileType = undefined; includeInIndex = 0; };
		F7BD4D1ACCBC466E8D09F5BC /* UIImageCache.h */ = {isa = PBXFileReference; name = "UIImageCache.h"; path = "cordova-plugin-googlemaps/UIImageCache.h"; sourceTree = "<group>"; fileEncoding = 4; lastKnownFileType = sourcecode.c.h; explicitFileType = undefined; includeInIndex = 0; };
		0320147E3AC0461D8BD34C55 /* PluginStreetViewPanorama.h */ = {isa = PBXFileReference; name = "PluginStreetViewPanorama.h"; path = "cordova-plugin-googlemaps/PluginStreetViewPanorama.h"; sourceTree = "<group>"; fileEncoding = 4; lastKnownFileType = sourcecode.c.h; explicitFileType = undefined; includeInIndex = 0; };
		25B74F749A73492990429CF0 /* PluginStreetViewPanoramaController.h */ = {isa = PBXFileReference; name = "PluginStreetViewPanoramaController.h"; path = "cordova-plugin-googlemaps/PluginStreetViewPanoramaController.h"; sourceTree = "<group>"; fileEncoding = 4; lastKnownFileType = sourcecode.c.h; explicitFileType = undefined; includeInIndex = 0; };
		438C11DC71CE4BC696B7CE2B /* PluginViewController.h */ = {isa = PBXFileReference; name = "PluginViewController.h"; path = "cordova-plugin-googlemaps/PluginViewController.h"; sourceTree = "<group>"; fileEncoding = 4; lastKnownFileType = sourcecode.c.h; explicitFileType = undefined; includeInIndex = 0; };
		0264DFB7C0D5451389C2E752 /* IPluginView.h */ = {isa = PBXFileReference; name = "IPluginView.h"; path = "cordova-plugin-googlemaps/IPluginView.h"; sourceTree = "<group>"; fileEncoding = 4; lastKnownFileType = sourcecode.c.h; explicitFileType = undefined; includeInIndex = 0; };
		0043149CD97B4526A4649B2C /* IPluginProtocol.h */ = {isa = PBXFileReference; name = "IPluginProtocol.h"; path = "cordova-plugin-googlemaps/IPluginProtocol.h"; sourceTree = "<group>"; fileEncoding = 4; lastKnownFileType = sourcecode.c.h; explicitFileType = undefined; includeInIndex = 0; };
		EB908D7046AF4FDEA130F333 /* pgm_Localizable_en.json */ = {isa = PBXFileReference; name = "pgm_Localizable_en.json"; path = "pgm_Localizable_en.json"; sourceTree = "<group>"; fileEncoding = undefined; lastKnownFileType = unknown; explicitFileType = undefined; includeInIndex = 0; };
		BCDCD39CC5B74B48A5E97269 /* pgm_Localizable_ja.json */ = {isa = PBXFileReference; name = "pgm_Localizable_ja.json"; path = "pgm_Localizable_ja.json"; sourceTree = "<group>"; fileEncoding = undefined; lastKnownFileType = unknown; explicitFileType = undefined; includeInIndex = 0; };
		F7FC03BCACF840CF872C599E /* pgm_Localizable_ru.json */ = {isa = PBXFileReference; name = "pgm_Localizable_ru.json"; path = "pgm_Localizable_ru.json"; sourceTree = "<group>"; fileEncoding = undefined; lastKnownFileType = unknown; explicitFileType = undefined; includeInIndex = 0; };
		5B36F9BB14AA4FE79A5EC985 /* pgm_Localizable_uk.json */ = {isa = PBXFileReference; name = "pgm_Localizable_uk.json"; path = "pgm_Localizable_uk.json"; sourceTree = "<group>"; fileEncoding = undefined; lastKnownFileType = unknown; explicitFileType = undefined; includeInIndex = 0; };
		4556158AD83940CB89C6FF9C /* pgm_Localizable_pt-BR.json */ = {isa = PBXFileReference; name = "pgm_Localizable_pt-BR.json"; path = "pgm_Localizable_pt-BR.json"; sourceTree = "<group>"; fileEncoding = undefined; lastKnownFileType = unknown; explicitFileType = undefined; includeInIndex = 0; };
		25C815F4A1E54DBAB87FB1F3 /* pgm_Localizable_de.json */ = {isa = PBXFileReference; name = "pgm_Localizable_de.json"; path = "pgm_Localizable_de.json"; sourceTree = "<group>"; fileEncoding = undefined; lastKnownFileType = unknown; explicitFileType = undefined; includeInIndex = 0; };
		665A95FA3A0A49BA93D8D048 /* pgm_Localizable_fr.json */ = {isa = PBXFileReference; name = "pgm_Localizable_fr.json"; path = "pgm_Localizable_fr.json"; sourceTree = "<group>"; fileEncoding = undefined; lastKnownFileType = unknown; explicitFileType = undefined; includeInIndex = 0; };
		ED346997B6614DBABC392D9E /* pgm_Localizable_hi.json */ = {isa = PBXFileReference; name = "pgm_Localizable_hi.json"; path = "pgm_Localizable_hi.json"; sourceTree = "<group>"; fileEncoding = undefined; lastKnownFileType = unknown; explicitFileType = undefined; includeInIndex = 0; };
		A098BCF3A3B142BAA30D8DFB /* pgm_Localizable_ar.json */ = {isa = PBXFileReference; name = "pgm_Localizable_ar.json"; path = "pgm_Localizable_ar.json"; sourceTree = "<group>"; fileEncoding = undefined; lastKnownFileType = unknown; explicitFileType = undefined; includeInIndex = 0; };
		B9B0CE607CE34136BADBE9DB /* pgm_Localizable_nl.json */ = {isa = PBXFileReference; name = "pgm_Localizable_nl.json"; path = "pgm_Localizable_nl.json"; sourceTree = "<group>"; fileEncoding = undefined; lastKnownFileType = unknown; explicitFileType = undefined; includeInIndex = 0; };
		AE6A9B88164D45F792DFA931 /* pgm_Localizable_pl.json */ = {isa = PBXFileReference; name = "pgm_Localizable_pl.json"; path = "pgm_Localizable_pl.json"; sourceTree = "<group>"; fileEncoding = undefined; lastKnownFileType = unknown; explicitFileType = undefined; includeInIndex = 0; };
		B036C2882D85424CB93B1A64 /* pgm_Localizable_da.json */ = {isa = PBXFileReference; name = "pgm_Localizable_da.json"; path = "pgm_Localizable_da.json"; sourceTree = "<group>"; fileEncoding = undefined; lastKnownFileType = unknown; explicitFileType = undefined; includeInIndex = 0; };
		711AC6EA968143B48D591A5A /* pgm_Localizable_vi.json */ = {isa = PBXFileReference; name = "pgm_Localizable_vi.json"; path = "pgm_Localizable_vi.json"; sourceTree = "<group>"; fileEncoding = undefined; lastKnownFileType = unknown; explicitFileType = undefined; includeInIndex = 0; };
/* End PBXFileReference section */

/* Begin PBXFrameworksBuildPhase section */
		1D60588F0D05DD3D006BFB54 /* Frameworks */ = {
			isa = PBXFrameworksBuildPhase;
			buildActionMask = 2147483647;
			files = (
				301BF552109A68D80062928A /* libCordova.a in Frameworks */,
				4CD37DB8072E4B78B3247F1C /* WebKit.framework in Frameworks */,
				B5AD9FD448CA4783A5248392 /* libz.tbd in Frameworks */,
			);
			runOnlyForDeploymentPostprocessing = 0;
		};
/* End PBXFrameworksBuildPhase section */

/* Begin PBXGroup section */
		080E96DDFE201D6D7F000001 /* Classes */ = {
			isa = PBXGroup;
			children = (
				302D95EE14D2391D003F00A1 /* MainViewController.h */,
				302D95EF14D2391D003F00A1 /* MainViewController.m */,
				302D95F014D2391D003F00A1 /* MainViewController.xib */,
				1D3623240D0F684500981E51 /* AppDelegate.h */,
				1D3623250D0F684500981E51 /* AppDelegate.m */,
			);
			name = Classes;
			path = "MyApp/Classes";
			sourceTree = SOURCE_ROOT;
		};
		19C28FACFE9D520D11CA2CBB /* Products */ = {
			isa = PBXGroup;
			children = (
				1D6058910D05DD3D006BFB54 /* MyApp.app */,
			);
			name = Products;
			sourceTree = "<group>";
		};
		29B97314FDCFA39411CA2CEA /* CustomTemplate */ = {
			isa = PBXGroup;
			children = (
				EB87FDF41871DAF40020F90C /* config.xml */,
				EB87FDF31871DA8E0020F90C /* www */,
				EB87FDF11871DA420020F90C /* Staging */,
				301BF52D109A57CC0062928A /* CordovaLib.xcodeproj */,
				080E96DDFE201D6D7F000001 /* Classes */,
				307C750510C5A3420062BCA9 /* Plugins */,
				29B97315FDCFA39411CA2CEA /* Other Sources */,
				29B97317FDCFA39411CA2CEA /* Resources */,
				29B97323FDCFA39411CA2CEA /* Frameworks */,
				19C28FACFE9D520D11CA2CBB /* Products */,
			);
			name = CustomTemplate;
			sourceTree = "<group>";
		};
		29B97315FDCFA39411CA2CEA /* Other Sources */ = {
			isa = PBXGroup;
			children = (
				32CA4F630368D1EE00C91783 /* MyApp-Prefix.pch */,
				29B97316FDCFA39411CA2CEA /* main.m */,
				ED33DF2A687741AEAF9F8254 /* Bridging-Header.h */,
			);
			name = "Other Sources";
			path = "MyApp";
			sourceTree = "<group>";
		};
		29B97317FDCFA39411CA2CEA /* Resources */ = {
			isa = PBXGroup;
			children = (
				0207DA571B56EA530066E2B4 /* Images.xcassets */,
				3047A50E1AB8057F00498E2A /* config */,
				8D1107310486CEB800E47090 /* MyApp-Info.plist */,
				6AFF5BF81D6E424B00AB3073 /* CDVLaunchScreen.storyboard */,
				EB908D7046AF4FDEA130F333 /* pgm_Localizable_en.json */,
				BCDCD39CC5B74B48A5E97269 /* pgm_Localizable_ja.json */,
				F7FC03BCACF840CF872C599E /* pgm_Localizable_ru.json */,
				5B36F9BB14AA4FE79A5EC985 /* pgm_Localizable_uk.json */,
				4556158AD83940CB89C6FF9C /* pgm_Localizable_pt-BR.json */,
				25C815F4A1E54DBAB87FB1F3 /* pgm_Localizable_de.json */,
				665A95FA3A0A49BA93D8D048 /* pgm_Localizable_fr.json */,
				ED346997B6614DBABC392D9E /* pgm_Localizable_hi.json */,
				A098BCF3A3B142BAA30D8DFB /* pgm_Localizable_ar.json */,
				B9B0CE607CE34136BADBE9DB /* pgm_Localizable_nl.json */,
				AE6A9B88164D45F792DFA931 /* pgm_Localizable_pl.json */,
				B036C2882D85424CB93B1A64 /* pgm_Localizable_da.json */,
				711AC6EA968143B48D591A5A /* pgm_Localizable_vi.json */,
			);
			name = Resources;
			path = "MyApp/Resources";
			sourceTree = "<group>";
		};
		29B97323FDCFA39411CA2CEA /* Frameworks */ = {
			isa = PBXGroup;
			children = (
				DE976C98725D451195BCF9A9 /* WebKit.framework */,
				7D4B73BE1B74415E9E4DEFE4 /* libz.tbd */,
			);
			name = Frameworks;
			sourceTree = "<group>";
		};
		301BF52E109A57CC0062928A /* Products */ = {
			isa = PBXGroup;
			children = (
				301BF535109A57CC0062928A /* libCordova.a */,
			);
			name = Products;
			sourceTree = "<group>";
		};
		3047A50E1AB8057F00498E2A /* config */ = {
			isa = PBXGroup;
			children = (
				3047A50F1AB8059700498E2A /* build-debug.xcconfig */,
				3047A5101AB8059700498E2A /* build-release.xcconfig */,
				3047A5111AB8059700498E2A /* build.xcconfig */,
			);
			name = config;
			sourceTree = "<group>";
		};
		307C750510C5A3420062BCA9 /* Plugins */ = {
			isa = PBXGroup;
			children = (
				36C4039482894A55B3934936 /* CDVDevice.m */,
				31E2B158CC7B494789D322BB /* CDVDevice.h */,
				08AB55BF88374AC7A88DEC6E /* CDVIonicKeyboard.m */,
				A98D05A754B34F85AC72C689 /* CDVIonicKeyboard.h */,
				7553FD884A6B4258AD33022E /* CDVWKWebViewEngine.m */,
				AAF4E3D3E3214A6CA7816761 /* CDVWKWebViewUIDelegate.m */,
				ECEDE48D06BF4C4AACE1C761 /* CDVWKProcessPoolFactory.m */,
				27827D0D5D2A4F6FAB85CAAE /* GCDWebServer.m */,
				DEED71A265BB464289A74421 /* GCDWebServerConnection.m */,
				CECB291F11A24257AC1EF9EB /* GCDWebServerFunctions.m */,
				763AA984AACB4770BB248560 /* GCDWebServerRequest.m */,
				80E2845A433B4918A7BEEF18 /* GCDWebServerResponse.m */,
				0F82A6D88A204D538EA46120 /* GCDWebServerDataRequest.m */,
				659BB4CDC05E4B5291E50F60 /* GCDWebServerFileRequest.m */,
				FC6492659C5A4ED9A4BB0C70 /* GCDWebServerMultiPartFormRequest.m */,
				943F65B26738433598396C39 /* GCDWebServerURLEncodedFormRequest.m */,
				F664BE8C5A934BCABB6F44FE /* GCDWebServerDataResponse.m */,
				4C1642D6A8304E0BA0FFDC31 /* GCDWebServerErrorResponse.m */,
				34F4A63FA24B48CE8C81D65E /* GCDWebServerFileResponse.m */,
				F8E8513C55D14F638AE2234B /* GCDWebServerStreamedResponse.m */,
				E459EF9171DF4D4792A2DAB0 /* CDVWKWebViewEngine.h */,
				EBAEEE02BFC04518945B12DD /* CDVWKWebViewUIDelegate.h */,
				A4280958E4C647FE9F6C0009 /* CDVWKProcessPoolFactory.h */,
				B09A777FD14E4E5D95CF792B /* GCDWebServer.h */,
				4FD3A107A8024D2886F2B048 /* GCDWebServerConnection.h */,
				1AA4057A4C964EFB8AF8CD50 /* GCDWebServerFunctions.h */,
				4C632748BAD74253BE56B49F /* GCDWebServerHTTPStatusCodes.h */,
				801C7123B29C4E58804B20FB /* GCDWebServerPrivate.h */,
				BD31D7FC20704B328C713C52 /* GCDWebServerRequest.h */,
				B0A38D03A3A546DF816D0417 /* GCDWebServerResponse.h */,
				8F23B8AC76CF4B71B4764B39 /* GCDWebServerDataRequest.h */,
				70DA42D0CA204E549B66CFFB /* GCDWebServerFileRequest.h */,
				FD0155154F0646E884DC79E0 /* GCDWebServerMultiPartFormRequest.h */,
				091B7A2B838B404EA332D87B /* GCDWebServerURLEncodedFormRequest.h */,
				08A59672948A4E92BF28F518 /* GCDWebServerDataResponse.h */,
				D05D1B40016247A78935B785 /* GCDWebServerErrorResponse.h */,
				4C56DCEAA3AD498891DCD566 /* GCDWebServerFileResponse.h */,
				8289D4E26E2145659A60D34B /* GCDWebServerStreamedResponse.h */,
				564FC1F7BFE24AE4A8AAFAAB /* CDVSplashScreen.m */,
				6D3CB9723DDA4B82B69F8D4E /* CDVViewController+SplashScreen.m */,
				EA6CDBEB9D374AB78F6AA709 /* CDVSplashScreen.h */,
				090B72211F8C4744ADE43FCF /* CDVViewController+SplashScreen.h */,
				8F8AEC4EED5841CE99B1907B /* CDVStatusBar.m */,
				12E6AE060921479282E94BD8 /* CDVStatusBar.h */,
				F7FB1E819EF24085BAB8DC40 /* PluginObjects.m */,
				EF869EEF361145288C1EAF73 /* PluginCircle.m */,
				7E29A7968FAC4F558273EAE1 /* PluginGeocoder.m */,
				D46D92F8CFAD4584B3F6DAC5 /* PluginLocationService.m */,
				F834410427214DDA9F1C0912 /* PluginEnvironment.m */,
				7B3F821C6B38410B8DFC699D /* CordovaGoogleMaps.m */,
				FDBED5E415FF4AF7B26DC81E /* PluginMapViewController.m */,
				96B51EDA34EE45098A4FD94C /* PluginGroundOverlay.m */,
				5916E48D931C425E91CAC661 /* PluginKmlOverlay.m */,
				B0814EE5BE6A418582653609 /* PluginMap.m */,
				6EF548121D2F420CBC23D4F8 /* PluginMarker.m */,
				760055034BD64F6CBB4FA470 /* PluginUtil.m */,
				210E336686124073A46350DE /* PluginPolygon.m */,
				BFF97E28363C4C0DB08034CD /* PluginPolyline.m */,
				DDA1BA787C8045C7BC37AB0C /* PluginTileProvider.m */,
				A4466AC14516428CB8D2C14D /* TBXML.m */,
				CAB76553C43B433F95D80817 /* PluginTileOverlay.m */,
				4907D8CF5C8A40AD9194B590 /* NSData+Base64.m */,
				5553C6B3096944C89061CC47 /* GMSCoordinateBounds+Geometry.m */,
				E532D55E08DF451182C46E90 /* MyPluginLayer.m */,
				3136011C87924E139012B5FA /* MyPluginScrollView.m */,
				0DF50C44671E4453A40EDAFC /* PluginMarkerCluster.m */,
				5A3D5B94DE9F4DCAA2DECF3E /* UIImageCache.m */,
				D6780FA5E20644969136E3BD /* PluginStreetViewPanorama.m */,
				3EEA6BA45A434E01A9465EB5 /* PluginStreetViewPanoramaController.m */,
				3E83D5D20E624E94AD62D4F8 /* PluginViewController.m */,
				7A25B5BE1AE349F4A5325710 /* PluginObjects.h */,
				C489351E363A4977A81B3B22 /* PluginCircle.h */,
				0CF8E50D76854082B34692C4 /* PluginGeocoder.h */,
				4B5C1F774E45413585683C3E /* PluginLocationService.h */,
				9612E0EB78864796B3BB8203 /* PluginEnvironment.h */,
				1CFD482FFEA64152930735C4 /* CordovaGoogleMaps.h */,
				31BA183594614D34BCAF1ADB /* PluginMapViewController.h */,
				BC67D2B621B8425081E21A6B /* PluginGroundOverlay.h */,
				9F3B02F05F0A458B89EA647D /* PluginKmlOverlay.h */,
				4929B91C7AEF4A31BC008814 /* PluginMap.h */,
				F9304BD0690E4DAAB6DD6784 /* PluginMarker.h */,
				78246F4FCE9D458A9B931152 /* PluginUtil.h */,
				AA4A314D80034419A647D3F4 /* PluginPolygon.h */,
				231CB7CAD8B64E69972A13A0 /* PluginPolyline.h */,
				170E6FE6F7334CE8B17649BF /* PluginTileProvider.h */,
				A10BA4B8A1FE4E65B39BCBC6 /* TBXML.h */,
				F3201F4A243E41D99CED796F /* PluginTileOverlay.h */,
				839D5AAD750447B980DFE0AB /* NSData+Base64.h */,
				22223B5ACD4D4928AC19129F /* NSData+Base64.podspec */,
				F5DBE771F2C241898EB05A7C /* GMSCoordinateBounds+Geometry.h */,
				1C4A86403F6546F7B89CFA0C /* MyPluginLayer.h */,
				18E1694E4443414B8F04AC33 /* MyPluginScrollView.h */,
				EC30A6B837E9435BA5AA0319 /* PluginMarkerCluster.h */,
				F7BD4D1ACCBC466E8D09F5BC /* UIImageCache.h */,
				0320147E3AC0461D8BD34C55 /* PluginStreetViewPanorama.h */,
				25B74F749A73492990429CF0 /* PluginStreetViewPanoramaController.h */,
				438C11DC71CE4BC696B7CE2B /* PluginViewController.h */,
				0264DFB7C0D5451389C2E752 /* IPluginView.h */,
				0043149CD97B4526A4649B2C /* IPluginProtocol.h */,
			);
			name = Plugins;
			path = "MyApp/Plugins";
			sourceTree = SOURCE_ROOT;
		};
		EB87FDF11871DA420020F90C /* Staging */ = {
			isa = PBXGroup;
			children = (
				F840E1F0165FE0F500CFE078 /* config.xml */,
				301BF56E109A69640062928A /* www */,
			);
			name = Staging;
			sourceTree = "<group>";
		};
/* End PBXGroup section */

/* Begin PBXNativeTarget section */
		1D6058900D05DD3D006BFB54 /* MyApp */ = {
			isa = PBXNativeTarget;
			buildConfigurationList = 1D6058960D05DD3E006BFB54 /* Build configuration list for PBXNativeTarget "MyApp" */;
			buildPhases = (
				304B58A110DAC018002A0835 /* Copy www directory */,
				1D60588D0D05DD3D006BFB54 /* Resources */,
				1D60588E0D05DD3D006BFB54 /* Sources */,
				1D60588F0D05DD3D006BFB54 /* Frameworks */,
			);
			buildRules = (
			);
			dependencies = (
				301BF551109A68C00062928A /* PBXTargetDependency */,
			);
			name = "MyApp";
			productName = "MyApp";
			productReference = 1D6058910D05DD3D006BFB54 /* MyApp.app */;
			productType = "com.apple.product-type.application";
		};
/* End PBXNativeTarget section */

/* Begin PBXProject section */
		29B97313FDCFA39411CA2CEA /* Project object */ = {
			isa = PBXProject;
			attributes = {
				LastUpgradeCheck = 510;
			};
			buildConfigurationList = C01FCF4E08A954540054247B /* Build configuration list for PBXProject "__NON-CLI__" */;
			compatibilityVersion = "Xcode 3.2";
			developmentRegion = English;
			hasScannedForEncodings = 1;
			mainGroup = 29B97314FDCFA39411CA2CEA /* CustomTemplate */;
			projectDirPath = "";
			projectReferences = (
				{
					ProductGroup = 301BF52E109A57CC0062928A /* Products */;
					ProjectRef = 301BF52D109A57CC0062928A /* CordovaLib.xcodeproj */;
				},
			);
			projectRoot = "";
			targets = (
				1D6058900D05DD3D006BFB54 /* MyApp */,
			);
		};
/* End PBXProject section */

/* Begin PBXReferenceProxy section */
		301BF535109A57CC0062928A /* libCordova.a */ = {
			isa = PBXReferenceProxy;
			fileType = archive.ar;
			path = libCordova.a;
			remoteRef = 301BF534109A57CC0062928A /* PBXContainerItemProxy */;
			sourceTree = BUILT_PRODUCTS_DIR;
		};
/* End PBXReferenceProxy section */

/* Begin PBXResourcesBuildPhase section */
		1D60588D0D05DD3D006BFB54 /* Resources */ = {
			isa = PBXResourcesBuildPhase;
			buildActionMask = 2147483647;
			files = (
				302D95F214D2391D003F00A1 /* MainViewController.xib in Resources */,
				0207DA581B56EA530066E2B4 /* Images.xcassets in Resources */,
				6AFF5BF91D6E424B00AB3073 /* CDVLaunchScreen.storyboard in Resources */,
				72BDE76F510147FB8B27328E /* pgm_Localizable_en.json in Resources */,
				7F79323A85E24B208C23637E /* pgm_Localizable_ja.json in Resources */,
				BC7ED698F98742F6AE049E95 /* pgm_Localizable_ru.json in Resources */,
				35C75F7B6B994FF290553655 /* pgm_Localizable_uk.json in Resources */,
				C6A631826B1B497FA855C546 /* pgm_Localizable_pt-BR.json in Resources */,
				1E65A73E30544A859FB25C12 /* pgm_Localizable_de.json in Resources */,
				F72DC24BCB55464A985D2493 /* pgm_Localizable_fr.json in Resources */,
				6F1964A34FE64D2D89EE7D5F /* pgm_Localizable_hi.json in Resources */,
				3F85F8B916D44689BD4B6B7A /* pgm_Localizable_ar.json in Resources */,
				AB81F0E8B9554D9BB7479934 /* pgm_Localizable_nl.json in Resources */,
				BEAB331B95604F71B4CDA9C0 /* pgm_Localizable_pl.json in Resources */,
				46F97EF8A4F145EBACCE5B90 /* pgm_Localizable_da.json in Resources */,
				99D8CAFDAACF48A594E42AC3 /* pgm_Localizable_vi.json in Resources */,
			);
			runOnlyForDeploymentPostprocessing = 0;
		};
/* End PBXResourcesBuildPhase section */

/* Begin PBXShellScriptBuildPhase section */
		304B58A110DAC018002A0835 /* Copy www directory */ = {
			isa = PBXShellScriptBuildPhase;
			buildActionMask = 2147483647;
			files = (
			);
			inputPaths = (
			);
			name = "Copy www directory";
			outputPaths = (
			);
			runOnlyForDeploymentPostprocessing = 0;
			shellPath = /bin/sh;
			shellScript = "NODEJS_PATH=/usr/local/bin; NVM_NODE_PATH=~/.nvm/versions/node/`nvm version 2>/dev/null`/bin; N_NODE_PATH=`find /usr/local/n/versions/node/* -maxdepth 0 -type d 2>/dev/null | tail -1`/bin; XCODE_NODE_PATH=`xcode-select --print-path`/usr/share/xcs/Node/bin; PATH=$NODEJS_PATH:$NVM_NODE_PATH:$N_NODE_PATH:$XCODE_NODE_PATH:$PATH && node cordova/lib/copy-www-build-step.js";
			showEnvVarsInLog = 0;
		};
/* End PBXShellScriptBuildPhase section */

/* Begin PBXSourcesBuildPhase section */
		1D60588E0D05DD3D006BFB54 /* Sources */ = {
			isa = PBXSourcesBuildPhase;
			buildActionMask = 2147483647;
			files = (
				1D60589B0D05DD56006BFB54 /* main.m in Sources */,
				1D3623260D0F684500981E51 /* AppDelegate.m in Sources */,
				302D95F114D2391D003F00A1 /* MainViewController.m in Sources */,
				CC3D83BB62304BB7B0B32996 /* CDVDevice.m in Sources */,
				DDD30E9594B543248A482572 /* CDVIonicKeyboard.m in Sources */,
				FE6A82142C6E4892A6218B86 /* CDVWKWebViewEngine.m in Sources */,
				27CBA3D601534A0DA99E9688 /* CDVWKWebViewUIDelegate.m in Sources */,
				610AC57BE66C4175916A142F /* CDVWKProcessPoolFactory.m in Sources */,
				84BE264155FA439D9D11396C /* GCDWebServer.m in Sources */,
				7B423F78EF7E4D84BC0099E3 /* GCDWebServerConnection.m in Sources */,
				3F6940AA52184B629C2B2C1F /* GCDWebServerFunctions.m in Sources */,
				060B659D6B5245D8AEB86575 /* GCDWebServerRequest.m in Sources */,
				E18585CA6B3645E5BD41463D /* GCDWebServerResponse.m in Sources */,
				0C9A5635DC584D3FBD729997 /* GCDWebServerDataRequest.m in Sources */,
				8968D761516F44C482528EF2 /* GCDWebServerFileRequest.m in Sources */,
				2D5B8CFCA8C04C9ABF672A60 /* GCDWebServerMultiPartFormRequest.m in Sources */,
				8F26669D8E3E437196B04C17 /* GCDWebServerURLEncodedFormRequest.m in Sources */,
				05B7A61601194D1BA4A4DB22 /* GCDWebServerDataResponse.m in Sources */,
				3AD1E6A173AE40C885374D83 /* GCDWebServerErrorResponse.m in Sources */,
				675B6DF78E4349A691D266A1 /* GCDWebServerFileResponse.m in Sources */,
				9D1F27555C0340288E69FD2D /* GCDWebServerStreamedResponse.m in Sources */,
				4D45AEC59402411A9F49FAC6 /* CDVSplashScreen.m in Sources */,
				442DFBD0E62744B8B72738A1 /* CDVViewController+SplashScreen.m in Sources */,
				3CDF370348974993B91BDDA3 /* CDVStatusBar.m in Sources */,
				FC3AFB7F6C8849F4ADDE2796 /* PluginObjects.m in Sources */,
				E0E279C9A9494EDBAA981B5B /* PluginCircle.m in Sources */,
				1A4E95B6FE6D4303A9850620 /* PluginGeocoder.m in Sources */,
				6E687274A1F3438990B123AE /* PluginLocationService.m in Sources */,
				B6D476E8AAA7499EA716F771 /* PluginEnvironment.m in Sources */,
				586BE46EE60F464CA245092C /* CordovaGoogleMaps.m in Sources */,
				484F26370BB5458696ACDE8A /* PluginMapViewController.m in Sources */,
				66A3843B858045FCA5323CD7 /* PluginGroundOverlay.m in Sources */,
				11FABFDD87C842AB93BF69C6 /* PluginKmlOverlay.m in Sources */,
				26D1BC1CC59D4ECB804744EF /* PluginMap.m in Sources */,
				3744227DF29449CFA1A29EBF /* PluginMarker.m in Sources */,
				7A48A833866E4F8FAFAA90AF /* PluginUtil.m in Sources */,
				A15A54E34E4D4568A7F654AB /* PluginPolygon.m in Sources */,
				CB589129D04F4B018469CD97 /* PluginPolyline.m in Sources */,
				C6570F433E46486BA2D0CB55 /* PluginTileProvider.m in Sources */,
				8FAAB4DBC79D470E9715DF49 /* TBXML.m in Sources */,
				1747C588B60A4268A75716C5 /* PluginTileOverlay.m in Sources */,
				8F59198D4BE2490CBCFCACD1 /* NSData+Base64.m in Sources */,
				9FFE2147259A41F2A162B734 /* GMSCoordinateBounds+Geometry.m in Sources */,
				DD9FE2F625564309BA6FFC10 /* MyPluginLayer.m in Sources */,
				41A3EE1F61E34F96BE2739BE /* MyPluginScrollView.m in Sources */,
				8A4C57CAE57245EF81E43DB5 /* PluginMarkerCluster.m in Sources */,
				C7BF3E8F22AD4FC29194B069 /* UIImageCache.m in Sources */,
				71AE3756679E4878A746A1D0 /* PluginStreetViewPanorama.m in Sources */,
				60DC30E07E8448AF835DD594 /* PluginStreetViewPanoramaController.m in Sources */,
				285CF63315CD4514BDD1AA59 /* PluginViewController.m in Sources */,
			);
			runOnlyForDeploymentPostprocessing = 0;
		};
/* End PBXSourcesBuildPhase section */

/* Begin PBXTargetDependency section */
		301BF551109A68C00062928A /* PBXTargetDependency */ = {
			isa = PBXTargetDependency;
			name = CordovaLib;
			targetProxy = 301BF550109A68C00062928A /* PBXContainerItemProxy */;
		};
/* End PBXTargetDependency section */

/* Begin XCBuildConfiguration section */
		1D6058940D05DD3E006BFB54 /* Debug */ = {
			isa = XCBuildConfiguration;
			baseConfigurationReference = 3047A50F1AB8059700498E2A /* build-debug.xcconfig */;
			buildSettings = {
				ALWAYS_SEARCH_USER_PATHS = NO;
				ASSETCATALOG_COMPILER_APPICON_NAME = AppIcon;
				ASSETCATALOG_COMPILER_LAUNCHIMAGE_NAME = LaunchImage;
				CLANG_ENABLE_MODULES = YES;
				CLANG_ENABLE_OBJC_ARC = YES;
				COPY_PHASE_STRIP = NO;
				GCC_DYNAMIC_NO_PIC = NO;
				GCC_OPTIMIZATION_LEVEL = 0;
				GCC_PRECOMPILE_PREFIX_HEADER = YES;
				GCC_PREFIX_HEADER = "MyApp/MyApp-Prefix.pch";
				GCC_THUMB_SUPPORT = NO;
				GCC_VERSION = "";
				INFOPLIST_FILE = "MyApp/MyApp-Info.plist";
				IPHONEOS_DEPLOYMENT_TARGET = 9.0;
				LD_RUNPATH_SEARCH_PATHS = "@executable_path/Frameworks";
				TARGETED_DEVICE_FAMILY = "1,2";
				PRODUCT_NAME = "MyApp";
			};
			name = Debug;
		};
		1D6058950D05DD3E006BFB54 /* Release */ = {
			isa = XCBuildConfiguration;
			baseConfigurationReference = 3047A5101AB8059700498E2A /* build-release.xcconfig */;
			buildSettings = {
				ALWAYS_SEARCH_USER_PATHS = NO;
				ASSETCATALOG_COMPILER_APPICON_NAME = AppIcon;
				ASSETCATALOG_COMPILER_LAUNCHIMAGE_NAME = LaunchImage;
				CLANG_ENABLE_MODULES = YES;
				CLANG_ENABLE_OBJC_ARC = YES;
				COPY_PHASE_STRIP = YES;
				GCC_PRECOMPILE_PREFIX_HEADER = YES;
				GCC_PREFIX_HEADER = "MyApp/MyApp-Prefix.pch";
				GCC_THUMB_SUPPORT = NO;
				GCC_VERSION = "";
				INFOPLIST_FILE = "MyApp/MyApp-Info.plist";
				IPHONEOS_DEPLOYMENT_TARGET = 9.0;
				LD_RUNPATH_SEARCH_PATHS = "@executable_path/Frameworks";
				TARGETED_DEVICE_FAMILY = "1,2";
				PRODUCT_NAME = "MyApp";
			};
			name = Release;
		};
		C01FCF4F08A954540054247B /* Debug */ = {
			isa = XCBuildConfiguration;
			baseConfigurationReference = 3047A5111AB8059700498E2A /* build.xcconfig */;
			buildSettings = {
				CLANG_ENABLE_MODULES = YES;
				CLANG_ENABLE_OBJC_ARC = YES;
				CLANG_WARN_BOOL_CONVERSION = YES;
				CLANG_WARN_CONSTANT_CONVERSION = YES;
				CLANG_WARN_EMPTY_BODY = YES;
				CLANG_WARN_ENUM_CONVERSION = YES;
				CLANG_WARN_INT_CONVERSION = YES;
				CLANG_WARN__DUPLICATE_METHOD_MATCH = YES;
				GCC_C_LANGUAGE_STANDARD = c99;
				GCC_THUMB_SUPPORT = NO;
				GCC_VERSION = "";
				GCC_WARN_ABOUT_RETURN_TYPE = YES;
				GCC_WARN_UNDECLARED_SELECTOR = YES;
				GCC_WARN_UNINITIALIZED_AUTOS = YES;
				GCC_WARN_UNUSED_FUNCTION = YES;
				GCC_WARN_UNUSED_VARIABLE = YES;
				ONLY_ACTIVE_ARCH = YES;
				SDKROOT = iphoneos;
				SKIP_INSTALL = NO;
			};
			name = Debug;
		};
		C01FCF5008A954540054247B /* Release */ = {
			isa = XCBuildConfiguration;
			baseConfigurationReference = 3047A5111AB8059700498E2A /* build.xcconfig */;
			buildSettings = {
				CLANG_ENABLE_MODULES = YES;
				CLANG_ENABLE_OBJC_ARC = YES;
				CLANG_WARN_BOOL_CONVERSION = YES;
				CLANG_WARN_CONSTANT_CONVERSION = YES;
				CLANG_WARN_EMPTY_BODY = YES;
				CLANG_WARN_ENUM_CONVERSION = YES;
				CLANG_WARN_INT_CONVERSION = YES;
				CLANG_WARN__DUPLICATE_METHOD_MATCH = YES;
				GCC_C_LANGUAGE_STANDARD = c99;
				GCC_THUMB_SUPPORT = NO;
				GCC_VERSION = "";
				GCC_WARN_ABOUT_RETURN_TYPE = YES;
				GCC_WARN_UNDECLARED_SELECTOR = YES;
				GCC_WARN_UNINITIALIZED_AUTOS = YES;
				GCC_WARN_UNUSED_FUNCTION = YES;
				GCC_WARN_UNUSED_VARIABLE = YES;
				SDKROOT = iphoneos;
				SKIP_INSTALL = NO;
			};
			name = Release;
		};
/* End XCBuildConfiguration section */

/* Begin XCConfigurationList section */
		1D6058960D05DD3E006BFB54 /* Build configuration list for PBXNativeTarget "MyApp" */ = {
			isa = XCConfigurationList;
			buildConfigurations = (
				1D6058940D05DD3E006BFB54 /* Debug */,
				1D6058950D05DD3E006BFB54 /* Release */,
			);
			defaultConfigurationIsVisible = 0;
			defaultConfigurationName = Release;
		};
		C01FCF4E08A954540054247B /* Build configuration list for PBXProject "__NON-CLI__" */ = {
			isa = XCConfigurationList;
			buildConfigurations = (
				C01FCF4F08A954540054247B /* Debug */,
				C01FCF5008A954540054247B /* Release */,
			);
			defaultConfigurationIsVisible = 0;
			defaultConfigurationName = Release;
		};
/* End XCConfigurationList section */
	};
	rootObject = 29B97313FDCFA39411CA2CEA /* Project object */;
}
